
Microsoft Visual Studio Solution File, Format Version 12.00
# Visual Studio Version 17
VisualStudioVersion = 17.9.34701.34
MinimumVisualStudioVersion = 10.0.40219.1
Project("{888888A0-9F3D-457C-B088-3A5042F75D52}") = "tetris_grille", "tetris_grille\tetris_grille.pyproj", "{E8540B32-087B-4074-A499-92F1AB186C3D}"
EndProject
Global
	GlobalSection(SolutionConfigurationPlatforms) = preSolution
		Debug|Any CPU = Debug|Any CPU
		Release|Any CPU = Release|Any CPU
	EndGlobalSection
	GlobalSection(ProjectConfigurationPlatforms) = postSolution
		{E8540B32-087B-4074-A499-92F1AB186C3D}.Debug|Any CPU.ActiveCfg = Debug|Any CPU
		{E8540B32-087B-4074-A499-92F1AB186C3D}.Release|Any CPU.ActiveCfg = Release|Any CPU
	EndGlobalSection
	GlobalSection(SolutionProperties) = preSolution
		HideSolutionNode = FALSE
	EndGlobalSection
	GlobalSection(ExtensibilityGlobals) = postSolution
		SolutionGuid = {D0D8B665-DA31-486E-910B-9C7E62E24873}
	EndGlobalSection
EndGlobal
